
Microsoft Visual Studio Solution File, Format Version 12.00
# Visual Studio Version 17
VisualStudioVersion = 17.9.34728.123
MinimumVisualStudioVersion = 10.0.40219.1
Project("{9A19103F-16F7-4668-BE54-9A1E7A4F7556}") = "BlazorApp.Test", "BlazorApp.Test\BlazorApp.Test.csproj", "{3DEEA415-9849-474E-9AE0-0DAEA60FEF97}"
EndProject
Project("{FAE04EC0-301F-11D3-BF4B-00C04F79EFBC}") = "BlazorApp.UnitTest", "BlazorApp.UnitTest\BlazorApp.UnitTest.csproj", "{840BD406-4543-410C-915E-6E7C587A874F}"
EndProject
Global
	GlobalSection(SolutionConfigurationPlatforms) = preSolution
		Debug|Any CPU = Debug|Any CPU
		Release|Any CPU = Release|Any CPU
	EndGlobalSection
	GlobalSection(ProjectConfigurationPlatforms) = postSolution
		{3DEEA415-9849-474E-9AE0-0DAEA60FEF97}.Debug|Any CPU.ActiveCfg = Debug|Any CPU
		{3DEEA415-9849-474E-9AE0-0DAEA60FEF97}.Debug|Any CPU.Build.0 = Debug|Any CPU
		{3DEEA415-9849-474E-9AE0-0DAEA60FEF97}.Release|Any CPU.ActiveCfg = Release|Any CPU
		{3DEEA415-9849-474E-9AE0-0DAEA60FEF97}.Release|Any CPU.Build.0 = Release|Any CPU
		{840BD406-4543-410C-915E-6E7C587A874F}.Debug|Any CPU.ActiveCfg = Debug|Any CPU
		{840BD406-4543-410C-915E-6E7C587A874F}.Debug|Any CPU.Build.0 = Debug|Any CPU
		{840BD406-4543-410C-915E-6E7C587A874F}.Release|Any CPU.ActiveCfg = Release|Any CPU
		{840BD406-4543-410C-915E-6E7C587A874F}.Release|Any CPU.Build.0 = Release|Any CPU
	EndGlobalSection
	GlobalSection(SolutionProperties) = preSolution
		HideSolutionNode = FALSE
	EndGlobalSection
	GlobalSection(ExtensibilityGlobals) = postSolution
		SolutionGuid = {330E540B-7DBA-4CEE-BACA-197702641BD3}
	EndGlobalSection
EndGlobal
